
Microsoft Visual Studio Solution File, Format Version 12.00
# Visual Studio Version 17
VisualStudioVersion = 17.8.34316.72
MinimumVisualStudioVersion = 10.0.40219.1
Project("{9A19103F-16F7-4668-BE54-9A1E7A4F7556}") = "LAB_TH_API", "LAB_TH_API.csproj", "{DD63EFD1-EEC2-4417-9CC1-E5C93FA88293}"
EndProject
Project("{FAE04EC0-301F-11D3-BF4B-00C04F79EFBC}") = "LIBRY_MVC_WEB", "..\LIBRY_MVC_WEB\LIBRY_MVC_WEB.csproj", "{7CF7B448-86FC-4D97-A791-BFD762149FA0}"
EndProject
Global
	GlobalSection(SolutionConfigurationPlatforms) = preSolution
		Debug|Any CPU = Debug|Any CPU
		Release|Any CPU = Release|Any CPU
	EndGlobalSection
	GlobalSection(ProjectConfigurationPlatforms) = postSolution
		{DD63EFD1-EEC2-4417-9CC1-E5C93FA88293}.Debug|Any CPU.ActiveCfg = Debug|Any CPU
		{DD63EFD1-EEC2-4417-9CC1-E5C93FA88293}.Debug|Any CPU.Build.0 = Debug|Any CPU
		{DD63EFD1-EEC2-4417-9CC1-E5C93FA88293}.Release|Any CPU.ActiveCfg = Release|Any CPU
		{DD63EFD1-EEC2-4417-9CC1-E5C93FA88293}.Release|Any CPU.Build.0 = Release|Any CPU
		{7CF7B448-86FC-4D97-A791-BFD762149FA0}.Debug|Any CPU.ActiveCfg = Debug|Any CPU
		{7CF7B448-86FC-4D97-A791-BFD762149FA0}.Debug|Any CPU.Build.0 = Debug|Any CPU
		{7CF7B448-86FC-4D97-A791-BFD762149FA0}.Release|Any CPU.ActiveCfg = Release|Any CPU
		{7CF7B448-86FC-4D97-A791-BFD762149FA0}.Release|Any CPU.Build.0 = Release|Any CPU
	EndGlobalSection
	GlobalSection(SolutionProperties) = preSolution
		HideSolutionNode = FALSE
	EndGlobalSection
	GlobalSection(ExtensibilityGlobals) = postSolution
		SolutionGuid = {691CC3BD-CE7A-4549-877E-A53CA40530B3}
	EndGlobalSection
EndGlobal
